// !$*UTF8*$!
{
	archiveVersion = 1;
	classes = {
	};
	objectVersion = 46;
	objects = {

/* Begin PBXBuildFile section */
		FA27FBFE1979934F002139D6 /* SolidColor.swift in Sources */ = {isa = PBXBuildFile; fileRef = FA27FBFD1979934F002139D6 /* SolidColor.swift */; };
		FA43EE2B198811AC009A31ED /* UIColor+Extensions.swift in Sources */ = {isa = PBXBuildFile; fileRef = FA43EE2A198811AC009A31ED /* UIColor+Extensions.swift */; };
		FA48656D1974FFBF0049A45D /* AppDelegate.swift in Sources */ = {isa = PBXBuildFile; fileRef = FA48656C1974FFBF0049A45D /* AppDelegate.swift */; };
		FA48656F1974FFBF0049A45D /* MasterViewController.swift in Sources */ = {isa = PBXBuildFile; fileRef = FA48656E1974FFBF0049A45D /* MasterViewController.swift */; };
		FA4865711974FFBF0049A45D /* DetailViewController.swift in Sources */ = {isa = PBXBuildFile; fileRef = FA4865701974FFBF0049A45D /* DetailViewController.swift */; };
		FA4865741974FFBF0049A45D /* Main.storyboard in Resources */ = {isa = PBXBuildFile; fileRef = FA4865721974FFBF0049A45D /* Main.storyboard */; };
		FA4865761974FFBF0049A45D /* Images.xcassets in Resources */ = {isa = PBXBuildFile; fileRef = FA4865751974FFBF0049A45D /* Images.xcassets */; };
		FA4865821974FFBF0049A45D /* LightSaberTests.swift in Sources */ = {isa = PBXBuildFile; fileRef = FA4865811974FFBF0049A45D /* LightSaberTests.swift */; };
		FA87AFCA1977AC4B00783651 /* LightProgram.swift in Sources */ = {isa = PBXBuildFile; fileRef = FA87AFC81977AC4B00783651 /* LightProgram.swift */; };
		FA87AFCB1977AC4B00783651 /* RainbowCrawl.swift in Sources */ = {isa = PBXBuildFile; fileRef = FA87AFC91977AC4B00783651 /* RainbowCrawl.swift */; };
		FA8B4B131981DF7F001001F3 /* BTLE.swift in Sources */ = {isa = PBXBuildFile; fileRef = FA8B4B121981DF7F001001F3 /* BTLE.swift */; };
		FA8B4B171982275A001001F3 /* UARTPeripheral.m in Sources */ = {isa = PBXBuildFile; fileRef = FA8B4B161982275A001001F3 /* UARTPeripheral.m */; };
		FA8B4B1F198227B7001001F3 /* NSData+hex.m in Sources */ = {isa = PBXBuildFile; fileRef = FA8B4B1B198227B7001001F3 /* NSData+hex.m */; };
		FA8B4B20198227B7001001F3 /* NSString+hex.m in Sources */ = {isa = PBXBuildFile; fileRef = FA8B4B1D198227B7001001F3 /* NSString+hex.m */; };
		FA8B4B2F19823814001001F3 /* CBUUID+StringExtraction.m in Sources */ = {isa = PBXBuildFile; fileRef = FA8B4B2319823814001001F3 /* CBUUID+StringExtraction.m */; };
		FA8B4B3019823814001001F3 /* LGCentralManager.m in Sources */ = {isa = PBXBuildFile; fileRef = FA8B4B2619823814001001F3 /* LGCentralManager.m */; };
		FA8B4B3119823814001001F3 /* LGCharacteristic.m in Sources */ = {isa = PBXBuildFile; fileRef = FA8B4B2819823814001001F3 /* LGCharacteristic.m */; };
		FA8B4B3219823814001001F3 /* LGPeripheral.m in Sources */ = {isa = PBXBuildFile; fileRef = FA8B4B2A19823814001001F3 /* LGPeripheral.m */; };
		FA8B4B3319823814001001F3 /* LGService.m in Sources */ = {isa = PBXBuildFile; fileRef = FA8B4B2C19823814001001F3 /* LGService.m */; };
		FA8B4B3419823814001001F3 /* LGUtils.m in Sources */ = {isa = PBXBuildFile; fileRef = FA8B4B2E19823814001001F3 /* LGUtils.m */; };
/* End PBXBuildFile section */

/* Begin PBXContainerItemProxy section */
		FA48657C1974FFBF0049A45D /* PBXContainerItemProxy */ = {
			isa = PBXContainerItemProxy;
			containerPortal = FA48655F1974FFBF0049A45D /* Project object */;
			proxyType = 1;
			remoteGlobalIDString = FA4865661974FFBF0049A45D;
			remoteInfo = LightSaber;
		};
/* End PBXContainerItemProxy section */

/* Begin PBXFileReference section */
		FA27FBFD1979934F002139D6 /* SolidColor.swift */ = {isa = PBXFileReference; fileEncoding = 4; lastKnownFileType = sourcecode.swift; path = SolidColor.swift; sourceTree = "<group>"; };
		FA43EE2A198811AC009A31ED /* UIColor+Extensions.swift */ = {isa = PBXFileReference; fileEncoding = 4; lastKnownFileType = sourcecode.swift; path = "UIColor+Extensions.swift"; sourceTree = "<group>"; };
		FA43EF1C1989B7DE009A31ED /* MyPlayground.playground */ = {isa = PBXFileReference; lastKnownFileType = file.playground; path = MyPlayground.playground; sourceTree = "<group>"; };
		FA4865671974FFBF0049A45D /* LightSaber.app */ = {isa = PBXFileReference; explicitFileType = wrapper.application; includeInIndex = 0; path = LightSaber.app; sourceTree = BUILT_PRODUCTS_DIR; };
		FA48656B1974FFBF0049A45D /* Info.plist */ = {isa = PBXFileReference; lastKnownFileType = text.plist.xml; path = Info.plist; sourceTree = "<group>"; };
		FA48656C1974FFBF0049A45D /* AppDelegate.swift */ = {isa = PBXFileReference; lastKnownFileType = sourcecode.swift; path = AppDelegate.swift; sourceTree = "<group>"; };
		FA48656E1974FFBF0049A45D /* MasterViewController.swift */ = {isa = PBXFileReference; lastKnownFileType = sourcecode.swift; path = MasterViewController.swift; sourceTree = "<group>"; };
		FA4865701974FFBF0049A45D /* DetailViewController.swift */ = {isa = PBXFileReference; lastKnownFileType = sourcecode.swift; path = DetailViewController.swift; sourceTree = "<group>"; };
		FA4865731974FFBF0049A45D /* Base */ = {isa = PBXFileReference; lastKnownFileType = file.storyboard; name = Base; path = Base.lproj/Main.storyboard; sourceTree = "<group>"; };
		FA4865751974FFBF0049A45D /* Images.xcassets */ = {isa = PBXFileReference; lastKnownFileType = folder.assetcatalog; path = Images.xcassets; sourceTree = "<group>"; };
		FA48657B1974FFBF0049A45D /* LightSaberTests.xctest */ = {isa = PBXFileReference; explicitFileType = wrapper.cfbundle; includeInIndex = 0; path = LightSaberTests.xctest; sourceTree = BUILT_PRODUCTS_DIR; };
		FA4865801974FFBF0049A45D /* Info.plist */ = {isa = PBXFileReference; lastKnownFileType = text.plist.xml; path = Info.plist; sourceTree = "<group>"; };
		FA4865811974FFBF0049A45D /* LightSaberTests.swift */ = {isa = PBXFileReference; lastKnownFileType = sourcecode.swift; path = LightSaberTests.swift; sourceTree = "<group>"; };
		FA87AFC81977AC4B00783651 /* LightProgram.swift */ = {isa = PBXFileReference; fileEncoding = 4; lastKnownFileType = sourcecode.swift; path = LightProgram.swift; sourceTree = "<group>"; };
		FA87AFC91977AC4B00783651 /* RainbowCrawl.swift */ = {isa = PBXFileReference; fileEncoding = 4; lastKnownFileType = sourcecode.swift; path = RainbowCrawl.swift; sourceTree = "<group>"; };
		FA8B4B121981DF7F001001F3 /* BTLE.swift */ = {isa = PBXFileReference; fileEncoding = 4; lastKnownFileType = sourcecode.swift; path = BTLE.swift; sourceTree = "<group>"; };
		FA8B4B141982275A001001F3 /* LightSaber-Bridging-Header.h */ = {isa = PBXFileReference; lastKnownFileType = sourcecode.c.h; path = "LightSaber-Bridging-Header.h"; sourceTree = "<group>"; };
		FA8B4B151982275A001001F3 /* UARTPeripheral.h */ = {isa = PBXFileReference; fileEncoding = 4; lastKnownFileType = sourcecode.c.h; path = UARTPeripheral.h; sourceTree = "<group>"; };
		FA8B4B161982275A001001F3 /* UARTPeripheral.m */ = {isa = PBXFileReference; fileEncoding = 4; lastKnownFileType = sourcecode.c.objc; path = UARTPeripheral.m; sourceTree = "<group>"; };
		FA8B4B1A198227B7001001F3 /* NSData+hex.h */ = {isa = PBXFileReference; fileEncoding = 4; lastKnownFileType = sourcecode.c.h; path = "NSData+hex.h"; sourceTree = "<group>"; };
		FA8B4B1B198227B7001001F3 /* NSData+hex.m */ = {isa = PBXFileReference; fileEncoding = 4; lastKnownFileType = sourcecode.c.objc; path = "NSData+hex.m"; sourceTree = "<group>"; };
		FA8B4B1C198227B7001001F3 /* NSString+hex.h */ = {isa = PBXFileReference; fileEncoding = 4; lastKnownFileType = sourcecode.c.h; path = "NSString+hex.h"; sourceTree = "<group>"; };
		FA8B4B1D198227B7001001F3 /* NSString+hex.m */ = {isa = PBXFileReference; fileEncoding = 4; lastKnownFileType = sourcecode.c.objc; path = "NSString+hex.m"; sourceTree = "<group>"; };
		FA8B4B2219823814001001F3 /* CBUUID+StringExtraction.h */ = {isa = PBXFileReference; fileEncoding = 4; lastKnownFileType = sourcecode.c.h; path = "CBUUID+StringExtraction.h"; sourceTree = "<group>"; };
		FA8B4B2319823814001001F3 /* CBUUID+StringExtraction.m */ = {isa = PBXFileReference; fileEncoding = 4; lastKnownFileType = sourcecode.c.objc; path = "CBUUID+StringExtraction.m"; sourceTree = "<group>"; };
		FA8B4B2419823814001001F3 /* LGBluetooth.h */ = {isa = PBXFileReference; fileEncoding = 4; lastKnownFileType = sourcecode.c.h; path = LGBluetooth.h; sourceTree = "<group>"; };
		FA8B4B2519823814001001F3 /* LGCentralManager.h */ = {isa = PBXFileReference; fileEncoding = 4; lastKnownFileType = sourcecode.c.h; path = LGCentralManager.h; sourceTree = "<group>"; };
		FA8B4B2619823814001001F3 /* LGCentralManager.m */ = {isa = PBXFileReference; fileEncoding = 4; lastKnownFileType = sourcecode.c.objc; path = LGCentralManager.m; sourceTree = "<group>"; };
		FA8B4B2719823814001001F3 /* LGCharacteristic.h */ = {isa = PBXFileReference; fileEncoding = 4; lastKnownFileType = sourcecode.c.h; path = LGCharacteristic.h; sourceTree = "<group>"; };
		FA8B4B2819823814001001F3 /* LGCharacteristic.m */ = {isa = PBXFileReference; fileEncoding = 4; lastKnownFileType = sourcecode.c.objc; path = LGCharacteristic.m; sourceTree = "<group>"; };
		FA8B4B2919823814001001F3 /* LGPeripheral.h */ = {isa = PBXFileReference; fileEncoding = 4; lastKnownFileType = sourcecode.c.h; path = LGPeripheral.h; sourceTree = "<group>"; };
		FA8B4B2A19823814001001F3 /* LGPeripheral.m */ = {isa = PBXFileReference; fileEncoding = 4; lastKnownFileType = sourcecode.c.objc; path = LGPeripheral.m; sourceTree = "<group>"; };
		FA8B4B2B19823814001001F3 /* LGService.h */ = {isa = PBXFileReference; fileEncoding = 4; lastKnownFileType = sourcecode.c.h; path = LGService.h; sourceTree = "<group>"; };
		FA8B4B2C19823814001001F3 /* LGService.m */ = {isa = PBXFileReference; fileEncoding = 4; lastKnownFileType = sourcecode.c.objc; path = LGService.m; sourceTree = "<group>"; };
		FA8B4B2D19823814001001F3 /* LGUtils.h */ = {isa = PBXFileReference; fileEncoding = 4; lastKnownFileType = sourcecode.c.h; path = LGUtils.h; sourceTree = "<group>"; };
		FA8B4B2E19823814001001F3 /* LGUtils.m */ = {isa = PBXFileReference; fileEncoding = 4; lastKnownFileType = sourcecode.c.objc; path = LGUtils.m; sourceTree = "<group>"; };
/* End PBXFileReference section */

/* Begin PBXFrameworksBuildPhase section */
		FA4865641974FFBF0049A45D /* Frameworks */ = {
			isa = PBXFrameworksBuildPhase;
			buildActionMask = 2147483647;
			files = (
			);
			runOnlyForDeploymentPostprocessing = 0;
		};
		FA4865781974FFBF0049A45D /* Frameworks */ = {
			isa = PBXFrameworksBuildPhase;
			buildActionMask = 2147483647;
			files = (
			);
			runOnlyForDeploymentPostprocessing = 0;
		};
/* End PBXFrameworksBuildPhase section */

/* Begin PBXGroup section */
		FA48655E1974FFBF0049A45D = {
			isa = PBXGroup;
			children = (
				FA4865691974FFBF0049A45D /* LightSaber */,
				FA48657E1974FFBF0049A45D /* LightSaberTests */,
				FA4865681974FFBF0049A45D /* Products */,
			);
			sourceTree = "<group>";
		};
		FA4865681974FFBF0049A45D /* Products */ = {
			isa = PBXGroup;
			children = (
				FA4865671974FFBF0049A45D /* LightSaber.app */,
				FA48657B1974FFBF0049A45D /* LightSaberTests.xctest */,
			);
			name = Products;
			sourceTree = "<group>";
		};
		FA4865691974FFBF0049A45D /* LightSaber */ = {
			isa = PBXGroup;
			children = (
				FA8B4B1A198227B7001001F3 /* NSData+hex.h */,
				FA8B4B1B198227B7001001F3 /* NSData+hex.m */,
				FA8B4B1C198227B7001001F3 /* NSString+hex.h */,
				FA8B4B1D198227B7001001F3 /* NSString+hex.m */,
				FA8B4B151982275A001001F3 /* UARTPeripheral.h */,
				FA8B4B161982275A001001F3 /* UARTPeripheral.m */,
				FA43EE2A198811AC009A31ED /* UIColor+Extensions.swift */,
				FA8B4B2119823814001001F3 /* LGBluetooth */,
				FA87AFC71977AC4B00783651 /* LightPrograms */,
				FA48656C1974FFBF0049A45D /* AppDelegate.swift */,
				FA48656E1974FFBF0049A45D /* MasterViewController.swift */,
				FA4865701974FFBF0049A45D /* DetailViewController.swift */,
				FA4865721974FFBF0049A45D /* Main.storyboard */,
				FA8B4B121981DF7F001001F3 /* BTLE.swift */,
				FA4865751974FFBF0049A45D /* Images.xcassets */,
				FA48656A1974FFBF0049A45D /* Supporting Files */,
				FA8B4B141982275A001001F3 /* LightSaber-Bridging-Header.h */,
				FA43EF1C1989B7DE009A31ED /* MyPlayground.playground */,
			);
			path = LightSaber;
			sourceTree = "<group>";
		};
		FA48656A1974FFBF0049A45D /* Supporting Files */ = {
			isa = PBXGroup;
			children = (
				FA48656B1974FFBF0049A45D /* Info.plist */,
			);
			name = "Supporting Files";
			sourceTree = "<group>";
		};
		FA48657E1974FFBF0049A45D /* LightSaberTests */ = {
			isa = PBXGroup;
			children = (
				FA4865811974FFBF0049A45D /* LightSaberTests.swift */,
				FA48657F1974FFBF0049A45D /* Supporting Files */,
			);
			path = LightSaberTests;
			sourceTree = "<group>";
		};
		FA48657F1974FFBF0049A45D /* Supporting Files */ = {
			isa = PBXGroup;
			children = (
				FA4865801974FFBF0049A45D /* Info.plist */,
			);
			name = "Supporting Files";
			sourceTree = "<group>";
		};
		FA87AFC71977AC4B00783651 /* LightPrograms */ = {
			isa = PBXGroup;
			children = (
				FA87AFC81977AC4B00783651 /* LightProgram.swift */,
				FA87AFC91977AC4B00783651 /* RainbowCrawl.swift */,
				FA27FBFD1979934F002139D6 /* SolidColor.swift */,
			);
			path = LightPrograms;
			sourceTree = "<group>";
		};
		FA8B4B2119823814001001F3 /* LGBluetooth */ = {
			isa = PBXGroup;
			children = (
				FA8B4B2219823814001001F3 /* CBUUID+StringExtraction.h */,
				FA8B4B2319823814001001F3 /* CBUUID+StringExtraction.m */,
				FA8B4B2419823814001001F3 /* LGBluetooth.h */,
				FA8B4B2519823814001001F3 /* LGCentralManager.h */,
				FA8B4B2619823814001001F3 /* LGCentralManager.m */,
				FA8B4B2719823814001001F3 /* LGCharacteristic.h */,
				FA8B4B2819823814001001F3 /* LGCharacteristic.m */,
				FA8B4B2919823814001001F3 /* LGPeripheral.h */,
				FA8B4B2A19823814001001F3 /* LGPeripheral.m */,
				FA8B4B2B19823814001001F3 /* LGService.h */,
				FA8B4B2C19823814001001F3 /* LGService.m */,
				FA8B4B2D19823814001001F3 /* LGUtils.h */,
				FA8B4B2E19823814001001F3 /* LGUtils.m */,
			);
			path = LGBluetooth;
			sourceTree = "<group>";
		};
/* End PBXGroup section */

/* Begin PBXNativeTarget section */
		FA4865661974FFBF0049A45D /* LightSaber */ = {
			isa = PBXNativeTarget;
			buildConfigurationList = FA4865851974FFBF0049A45D /* Build configuration list for PBXNativeTarget "LightSaber" */;
			buildPhases = (
				FA4865631974FFBF0049A45D /* Sources */,
				FA4865641974FFBF0049A45D /* Frameworks */,
				FA4865651974FFBF0049A45D /* Resources */,
			);
			buildRules = (
			);
			dependencies = (
			);
			name = LightSaber;
			productName = LightSaber;
			productReference = FA4865671974FFBF0049A45D /* LightSaber.app */;
			productType = "com.apple.product-type.application";
		};
		FA48657A1974FFBF0049A45D /* LightSaberTests */ = {
			isa = PBXNativeTarget;
			buildConfigurationList = FA4865881974FFBF0049A45D /* Build configuration list for PBXNativeTarget "LightSaberTests" */;
			buildPhases = (
				FA4865771974FFBF0049A45D /* Sources */,
				FA4865781974FFBF0049A45D /* Frameworks */,
				FA4865791974FFBF0049A45D /* Resources */,
			);
			buildRules = (
			);
			dependencies = (
				FA48657D1974FFBF0049A45D /* PBXTargetDependency */,
			);
			name = LightSaberTests;
			productName = LightSaberTests;
			productReference = FA48657B1974FFBF0049A45D /* LightSaberTests.xctest */;
			productType = "com.apple.product-type.bundle.unit-test";
		};
/* End PBXNativeTarget section */

/* Begin PBXProject section */
		FA48655F1974FFBF0049A45D /* Project object */ = {
			isa = PBXProject;
			attributes = {
				LastUpgradeCheck = 0600;
				ORGANIZATIONNAME = "Alex Wayne";
				TargetAttributes = {
					FA4865661974FFBF0049A45D = {
						CreatedOnToolsVersion = 6.0;
						DevelopmentTeam = GHZHL2363Y;
					};
					FA48657A1974FFBF0049A45D = {
						CreatedOnToolsVersion = 6.0;
						TestTargetID = FA4865661974FFBF0049A45D;
					};
				};
			};
			buildConfigurationList = FA4865621974FFBF0049A45D /* Build configuration list for PBXProject "LightSaber" */;
			compatibilityVersion = "Xcode 3.2";
			developmentRegion = English;
			hasScannedForEncodings = 0;
			knownRegions = (
				en,
				Base,
			);
			mainGroup = FA48655E1974FFBF0049A45D;
			productRefGroup = FA4865681974FFBF0049A45D /* Products */;
			projectDirPath = "";
			projectRoot = "";
			targets = (
				FA4865661974FFBF0049A45D /* LightSaber */,
				FA48657A1974FFBF0049A45D /* LightSaberTests */,
			);
		};
/* End PBXProject section */

/* Begin PBXResourcesBuildPhase section */
		FA4865651974FFBF0049A45D /* Resources */ = {
			isa = PBXResourcesBuildPhase;
			buildActionMask = 2147483647;
			files = (
				FA4865741974FFBF0049A45D /* Main.storyboard in Resources */,
				FA4865761974FFBF0049A45D /* Images.xcassets in Resources */,
			);
			runOnlyForDeploymentPostprocessing = 0;
		};
		FA4865791974FFBF0049A45D /* Resources */ = {
			isa = PBXResourcesBuildPhase;
			buildActionMask = 2147483647;
			files = (
			);
			runOnlyForDeploymentPostprocessing = 0;
		};
/* End PBXResourcesBuildPhase section */

/* Begin PBXSourcesBuildPhase section */
		FA4865631974FFBF0049A45D /* Sources */ = {
			isa = PBXSourcesBuildPhase;
			buildActionMask = 2147483647;
			files = (
				FA87AFCB1977AC4B00783651 /* RainbowCrawl.swift in Sources */,
				FA4865711974FFBF0049A45D /* DetailViewController.swift in Sources */,
				FA87AFCA1977AC4B00783651 /* LightProgram.swift in Sources */,
				FA8B4B2F19823814001001F3 /* CBUUID+StringExtraction.m in Sources */,
				FA8B4B20198227B7001001F3 /* NSString+hex.m in Sources */,
				FA8B4B171982275A001001F3 /* UARTPeripheral.m in Sources */,
				FA27FBFE1979934F002139D6 /* SolidColor.swift in Sources */,
				FA48656F1974FFBF0049A45D /* MasterViewController.swift in Sources */,
				FA8B4B3219823814001001F3 /* LGPeripheral.m in Sources */,
				FA8B4B3319823814001001F3 /* LGService.m in Sources */,
				FA8B4B3019823814001001F3 /* LGCentralManager.m in Sources */,
				FA8B4B131981DF7F001001F3 /* BTLE.swift in Sources */,
				FA8B4B1F198227B7001001F3 /* NSData+hex.m in Sources */,
				FA8B4B3419823814001001F3 /* LGUtils.m in Sources */,
				FA48656D1974FFBF0049A45D /* AppDelegate.swift in Sources */,
				FA43EE2B198811AC009A31ED /* UIColor+Extensions.swift in Sources */,
				FA8B4B3119823814001001F3 /* LGCharacteristic.m in Sources */,
			);
			runOnlyForDeploymentPostprocessing = 0;
		};
		FA4865771974FFBF0049A45D /* Sources */ = {
			isa = PBXSourcesBuildPhase;
			buildActionMask = 2147483647;
			files = (
				FA4865821974FFBF0049A45D /* LightSaberTests.swift in Sources */,
			);
			runOnlyForDeploymentPostprocessing = 0;
		};
/* End PBXSourcesBuildPhase section */

/* Begin PBXTargetDependency section */
		FA48657D1974FFBF0049A45D /* PBXTargetDependency */ = {
			isa = PBXTargetDependency;
			target = FA4865661974FFBF0049A45D /* LightSaber */;
			targetProxy = FA48657C1974FFBF0049A45D /* PBXContainerItemProxy */;
		};
/* End PBXTargetDependency section */

/* Begin PBXVariantGroup section */
		FA4865721974FFBF0049A45D /* Main.storyboard */ = {
			isa = PBXVariantGroup;
			children = (
				FA4865731974FFBF0049A45D /* Base */,
			);
			name = Main.storyboard;
			sourceTree = "<group>";
		};
/* End PBXVariantGroup section */

/* Begin XCBuildConfiguration section */
		FA4865831974FFBF0049A45D /* Debug */ = {
			isa = XCBuildConfiguration;
			buildSettings = {
				ALWAYS_SEARCH_USER_PATHS = NO;
				CLANG_CXX_LANGUAGE_STANDARD = "gnu++0x";
				CLANG_CXX_LIBRARY = "libc++";
				CLANG_ENABLE_MODULES = YES;
				CLANG_ENABLE_OBJC_ARC = YES;
				CLANG_WARN_BOOL_CONVERSION = YES;
				CLANG_WARN_CONSTANT_CONVERSION = YES;
				CLANG_WARN_DIRECT_OBJC_ISA_USAGE = YES_ERROR;
				CLANG_WARN_EMPTY_BODY = YES;
				CLANG_WARN_ENUM_CONVERSION = YES;
				CLANG_WARN_INT_CONVERSION = YES;
				CLANG_WARN_OBJC_ROOT_CLASS = YES_ERROR;
				CLANG_WARN_UNREACHABLE_CODE = YES;
				CLANG_WARN__DUPLICATE_METHOD_MATCH = YES;
				"CODE_SIGN_IDENTITY[sdk=iphoneos*]" = "iPhone Developer";
				COPY_PHASE_STRIP = NO;
				ENABLE_STRICT_OBJC_MSGSEND = YES;
				GCC_C_LANGUAGE_STANDARD = gnu99;
				GCC_DYNAMIC_NO_PIC = NO;
				GCC_OPTIMIZATION_LEVEL = 0;
				GCC_PREPROCESSOR_DEFINITIONS = (
					"DEBUG=1",
					"$(inherited)",
				);
				GCC_SYMBOLS_PRIVATE_EXTERN = NO;
				GCC_WARN_64_TO_32_BIT_CONVERSION = YES;
				GCC_WARN_ABOUT_RETURN_TYPE = YES_ERROR;
				GCC_WARN_UNDECLARED_SELECTOR = YES;
				GCC_WARN_UNINITIALIZED_AUTOS = YES_AGGRESSIVE;
				GCC_WARN_UNUSED_FUNCTION = YES;
				GCC_WARN_UNUSED_VARIABLE = YES;
				IPHONEOS_DEPLOYMENT_TARGET = 8.0;
				METAL_ENABLE_DEBUG_INFO = YES;
				ONLY_ACTIVE_ARCH = YES;
				SDKROOT = iphoneos;
				SWIFT_OPTIMIZATION_LEVEL = "-Onone";
				TARGETED_DEVICE_FAMILY = "1,2";
			};
			name = Debug;
		};
		FA4865841974FFBF0049A45D /* Release */ = {
			isa = XCBuildConfiguration;
			buildSettings = {
				ALWAYS_SEARCH_USER_PATHS = NO;
				CLANG_CXX_LANGUAGE_STANDARD = "gnu++0x";
				CLANG_CXX_LIBRARY = "libc++";
				CLANG_ENABLE_MODULES = YES;
				CLANG_ENABLE_OBJC_ARC = YES;
				CLANG_WARN_BOOL_CONVERSION = YES;
				CLANG_WARN_CONSTANT_CONVERSION = YES;
				CLANG_WARN_DIRECT_OBJC_ISA_USAGE = YES_ERROR;
				CLANG_WARN_EMPTY_BODY = YES;
				CLANG_WARN_ENUM_CONVERSION = YES;
				CLANG_WARN_INT_CONVERSION = YES;
				CLANG_WARN_OBJC_ROOT_CLASS = YES_ERROR;
				CLANG_WARN_UNREACHABLE_CODE = YES;
				CLANG_WARN__DUPLICATE_METHOD_MATCH = YES;
				"CODE_SIGN_IDENTITY[sdk=iphoneos*]" = "iPhone Developer";
				COPY_PHASE_STRIP = YES;
				ENABLE_NS_ASSERTIONS = NO;
				ENABLE_STRICT_OBJC_MSGSEND = YES;
				GCC_C_LANGUAGE_STANDARD = gnu99;
				GCC_WARN_64_TO_32_BIT_CONVERSION = YES;
				GCC_WARN_ABOUT_RETURN_TYPE = YES_ERROR;
				GCC_WARN_UNDECLARED_SELECTOR = YES;
				GCC_WARN_UNINITIALIZED_AUTOS = YES_AGGRESSIVE;
				GCC_WARN_UNUSED_FUNCTION = YES;
				GCC_WARN_UNUSED_VARIABLE = YES;
				IPHONEOS_DEPLOYMENT_TARGET = 8.0;
				METAL_ENABLE_DEBUG_INFO = NO;
				SDKROOT = iphoneos;
				TARGETED_DEVICE_FAMILY = "1,2";
				VALIDATE_PRODUCT = YES;
			};
			name = Release;
		};
		FA4865861974FFBF0049A45D /* Debug */ = {
			isa = XCBuildConfiguration;
			buildSettings = {
				ASSETCATALOG_COMPILER_APPICON_NAME = AppIcon;
				ASSETCATALOG_COMPILER_LAUNCHIMAGE_NAME = LaunchImage;
				CLANG_ENABLE_MODULES = YES;
				CODE_SIGN_IDENTITY = "iPhone Developer";
				"CODE_SIGN_IDENTITY[sdk=iphoneos*]" = "iPhone Developer";
				INFOPLIST_FILE = LightSaber/Info.plist;
				LD_RUNPATH_SEARCH_PATHS = "$(inherited) @executable_path/Frameworks";
				PRODUCT_NAME = "$(TARGET_NAME)";
				PROVISIONING_PROFILE = "";
				SWIFT_OBJC_BRIDGING_HEADER = "LightSaber/LightSaber-Bridging-Header.h";
				SWIFT_OPTIMIZATION_LEVEL = "-Onone";
			};
			name = Debug;
		};
		FA4865871974FFBF0049A45D /* Release */ = {
			isa = XCBuildConfiguration;
			buildSettings = {
				ASSETCATALOG_COMPILER_APPICON_NAME = AppIcon;
				ASSETCATALOG_COMPILER_LAUNCHIMAGE_NAME = LaunchImage;
				CLANG_ENABLE_MODULES = YES;
				CODE_SIGN_IDENTITY = "iPhone Developer";
				"CODE_SIGN_IDENTITY[sdk=iphoneos*]" = "iPhone Developer";
				INFOPLIST_FILE = LightSaber/Info.plist;
				LD_RUNPATH_SEARCH_PATHS = "$(inherited) @executable_path/Frameworks";
				PRODUCT_NAME = "$(TARGET_NAME)";
				PROVISIONING_PROFILE = "";
				SWIFT_OBJC_BRIDGING_HEADER = "LightSaber/LightSaber-Bridging-Header.h";
			};
			name = Release;
		};
		FA4865891974FFBF0049A45D /* Debug */ = {
			isa = XCBuildConfiguration;
			buildSettings = {
				BUNDLE_LOADER = "$(BUILT_PRODUCTS_DIR)/LightSaber.app/LightSaber";
				FRAMEWORK_SEARCH_PATHS = (
					"$(SDKROOT)/Developer/Library/Frameworks",
					"$(inherited)",
				);
				GCC_PREPROCESSOR_DEFINITIONS = (
					"DEBUG=1",
					"$(inherited)",
				);
				INFOPLIST_FILE = LightSaberTests/Info.plist;
				LD_RUNPATH_SEARCH_PATHS = "$(inherited) @executable_path/Frameworks @loader_path/Frameworks";
				METAL_ENABLE_DEBUG_INFO = YES;
				PRODUCT_NAME = "$(TARGET_NAME)";
				TEST_HOST = "$(BUNDLE_LOADER)";
			};
			name = Debug;
		};
		FA48658A1974FFBF0049A45D /* Release */ = {
			isa = XCBuildConfiguration;
			buildSettings = {
				BUNDLE_LOADER = "$(BUILT_PRODUCTS_DIR)/LightSaber.app/LightSaber";
				FRAMEWORK_SEARCH_PATHS = (
					"$(SDKROOT)/Developer/Library/Frameworks",
					"$(inherited)",
				);
				INFOPLIST_FILE = LightSaberTests/Info.plist;
				LD_RUNPATH_SEARCH_PATHS = "$(inherited) @executable_path/Frameworks @loader_path/Frameworks";
				METAL_ENABLE_DEBUG_INFO = NO;
				PRODUCT_NAME = "$(TARGET_NAME)";
				TEST_HOST = "$(BUNDLE_LOADER)";
			};
			name = Release;
		};
/* End XCBuildConfiguration section */

/* Begin XCConfigurationList section */
		FA4865621974FFBF0049A45D /* Build configuration list for PBXProject "LightSaber" */ = {
			isa = XCConfigurationList;
			buildConfigurations = (
				FA4865831974FFBF0049A45D /* Debug */,
				FA4865841974FFBF0049A45D /* Release */,
			);
			defaultConfigurationIsVisible = 0;
			defaultConfigurationName = Release;
		};
		FA4865851974FFBF0049A45D /* Build configuration list for PBXNativeTarget "LightSaber" */ = {
			isa = XCConfigurationList;
			buildConfigurations = (
				FA4865861974FFBF0049A45D /* Debug */,
				FA4865871974FFBF0049A45D /* Release */,
			);
			defaultConfigurationIsVisible = 0;
			defaultConfigurationName = Release;
		};
		FA4865881974FFBF0049A45D /* Build configuration list for PBXNativeTarget "LightSaberTests" */ = {
			isa = XCConfigurationList;
			buildConfigurations = (
				FA4865891974FFBF0049A45D /* Debug */,
				FA48658A1974FFBF0049A45D /* Release */,
			);
			defaultConfigurationIsVisible = 0;
			defaultConfigurationName = Release;
		};
/* End XCConfigurationList section */
	};
	rootObject = FA48655F1974FFBF0049A45D /* Project object */;
}
